
Microsoft Visual Studio Solution File, Format Version 12.00
# Visual Studio 2013
VisualStudioVersion = 12.0.31101.0
MinimumVisualStudioVersion = 10.0.40219.1
Project("{FAE04EC0-301F-11D3-BF4B-00C04F79EFBC}") = "CrackR", "CrackR\CrackR.csproj", "{00609A5A-EFDC-421F-ABF4-9DB0F30574F8}"
EndProject
Project("{FAE04EC0-301F-11D3-BF4B-00C04F79EFBC}") = "CrackR.Tests", "CrackR.Tests\CrackR.Tests.csproj", "{B074D74F-DD65-4F19-9A52-9ECB1B6CD1C6}"
EndProject
Global
	GlobalSection(SolutionConfigurationPlatforms) = preSolution
		Debug|Any CPU = Debug|Any CPU
		Release|Any CPU = Release|Any CPU
	EndGlobalSection
	GlobalSection(ProjectConfigurationPlatforms) = postSolution
		{00609A5A-EFDC-421F-ABF4-9DB0F30574F8}.Debug|Any CPU.ActiveCfg = Debug|Any CPU
		{00609A5A-EFDC-421F-ABF4-9DB0F30574F8}.Debug|Any CPU.Build.0 = Debug|Any CPU
		{00609A5A-EFDC-421F-ABF4-9DB0F30574F8}.Release|Any CPU.ActiveCfg = Release|Any CPU
		{00609A5A-EFDC-421F-ABF4-9DB0F30574F8}.Release|Any CPU.Build.0 = Release|Any CPU
		{B074D74F-DD65-4F19-9A52-9ECB1B6CD1C6}.Debug|Any CPU.ActiveCfg = Debug|Any CPU
		{B074D74F-DD65-4F19-9A52-9ECB1B6CD1C6}.Debug|Any CPU.Build.0 = Debug|Any CPU
		{B074D74F-DD65-4F19-9A52-9ECB1B6CD1C6}.Release|Any CPU.ActiveCfg = Release|Any CPU
		{B074D74F-DD65-4F19-9A52-9ECB1B6CD1C6}.Release|Any CPU.Build.0 = Release|Any CPU
	EndGlobalSection
	GlobalSection(SolutionProperties) = preSolution
		HideSolutionNode = FALSE
	EndGlobalSection
EndGlobal
